// !$*UTF8*$!
{
	archiveVersion = 1;
	classes = {
	};
	objectVersion = 56;
	objects = {

/* Begin PBXBuildFile section */
		88B9EE5F28D49122000A7246 /* GenaricRealmTestApp.swift in Sources */ = {isa = PBXBuildFile; fileRef = 88B9EE5E28D49122000A7246 /* GenaricRealmTestApp.swift */; };
		88B9EE6128D49122000A7246 /* ContentView.swift in Sources */ = {isa = PBXBuildFile; fileRef = 88B9EE6028D49122000A7246 /* ContentView.swift */; };
		88B9EE6328D49122000A7246 /* Assets.xcassets in Resources */ = {isa = PBXBuildFile; fileRef = 88B9EE6228D49122000A7246 /* Assets.xcassets */; };
		88B9EE6628D49122000A7246 /* Preview Assets.xcassets in Resources */ = {isa = PBXBuildFile; fileRef = 88B9EE6528D49122000A7246 /* Preview Assets.xcassets */; };
		88B9EE6E28D491E7000A7246 /* Realm in Frameworks */ = {isa = PBXBuildFile; productRef = 88B9EE6D28D491E7000A7246 /* Realm */; };
		88B9EE7028D491E7000A7246 /* RealmSwift in Frameworks */ = {isa = PBXBuildFile; productRef = 88B9EE6F28D491E7000A7246 /* RealmSwift */; };
		88B9EE7328D49C3D000A7246 /* BaseModel.swift in Sources */ = {isa = PBXBuildFile; fileRef = 88B9EE7228D49C3D000A7246 /* BaseModel.swift */; };
		88B9EE7628D4A547000A7246 /* LocalRealmManager.swift in Sources */ = {isa = PBXBuildFile; fileRef = 88B9EE7528D4A547000A7246 /* LocalRealmManager.swift */; };
/* End PBXBuildFile section */

/* Begin PBXFileReference section */
		88B9EE5B28D49122000A7246 /* GenaricRealmTest.app */ = {isa = PBXFileReference; explicitFileType = wrapper.application; includeInIndex = 0; path = GenaricRealmTest.app; sourceTree = BUILT_PRODUCTS_DIR; };
		88B9EE5E28D49122000A7246 /* GenaricRealmTestApp.swift */ = {isa = PBXFileReference; lastKnownFileType = sourcecode.swift; path = GenaricRealmTestApp.swift; sourceTree = "<group>"; };
		88B9EE6028D49122000A7246 /* ContentView.swift */ = {isa = PBXFileReference; lastKnownFileType = sourcecode.swift; path = ContentView.swift; sourceTree = "<group>"; };
		88B9EE6228D49122000A7246 /* Assets.xcassets */ = {isa = PBXFileReference; lastKnownFileType = folder.assetcatalog; path = Assets.xcassets; sourceTree = "<group>"; };
		88B9EE6528D49122000A7246 /* Preview Assets.xcassets */ = {isa = PBXFileReference; lastKnownFileType = folder.assetcatalog; path = "Preview Assets.xcassets"; sourceTree = "<group>"; };
		88B9EE7228D49C3D000A7246 /* BaseModel.swift */ = {isa = PBXFileReference; lastKnownFileType = sourcecode.swift; path = BaseModel.swift; sourceTree = "<group>"; };
		88B9EE7528D4A547000A7246 /* LocalRealmManager.swift */ = {isa = PBXFileReference; lastKnownFileType = sourcecode.swift; path = LocalRealmManager.swift; sourceTree = "<group>"; };
/* End PBXFileReference section */

/* Begin PBXFrameworksBuildPhase section */
		88B9EE5828D49122000A7246 /* Frameworks */ = {
			isa = PBXFrameworksBuildPhase;
			buildActionMask = 2147483647;
			files = (
				88B9EE7028D491E7000A7246 /* RealmSwift in Frameworks */,
				88B9EE6E28D491E7000A7246 /* Realm in Frameworks */,
			);
			runOnlyForDeploymentPostprocessing = 0;
		};
/* End PBXFrameworksBuildPhase section */

/* Begin PBXGroup section */
		88B9EE5228D49121000A7246 = {
			isa = PBXGroup;
			children = (
				88B9EE5D28D49122000A7246 /* GenaricRealmTest */,
				88B9EE5C28D49122000A7246 /* Products */,
			);
			sourceTree = "<group>";
		};
		88B9EE5C28D49122000A7246 /* Products */ = {
			isa = PBXGroup;
			children = (
				88B9EE5B28D49122000A7246 /* GenaricRealmTest.app */,
			);
			name = Products;
			sourceTree = "<group>";
		};
		88B9EE5D28D49122000A7246 /* GenaricRealmTest */ = {
			isa = PBXGroup;
			children = (
				88B9EE7428D4A53A000A7246 /* Managers */,
				88B9EE7128D4920D000A7246 /* Models */,
				88B9EE5E28D49122000A7246 /* GenaricRealmTestApp.swift */,
				88B9EE6028D49122000A7246 /* ContentView.swift */,
				88B9EE6228D49122000A7246 /* Assets.xcassets */,
				88B9EE6428D49122000A7246 /* Preview Content */,
			);
			path = GenaricRealmTest;
			sourceTree = "<group>";
		};
		88B9EE6428D49122000A7246 /* Preview Content */ = {
			isa = PBXGroup;
			children = (
				88B9EE6528D49122000A7246 /* Preview Assets.xcassets */,
			);
			path = "Preview Content";
			sourceTree = "<group>";
		};
		88B9EE7128D4920D000A7246 /* Models */ = {
			isa = PBXGroup;
			children = (
				88B9EE7228D49C3D000A7246 /* BaseModel.swift */,
			);
			path = Models;
			sourceTree = "<group>";
		};
		88B9EE7428D4A53A000A7246 /* Managers */ = {
			isa = PBXGroup;
			children = (
				88B9EE7528D4A547000A7246 /* LocalRealmManager.swift */,
			);
			path = Managers;
			sourceTree = "<group>";
		};
/* End PBXGroup section */

/* Begin PBXNativeTarget section */
		88B9EE5A28D49122000A7246 /* GenaricRealmTest */ = {
			isa = PBXNativeTarget;
			buildConfigurationList = 88B9EE6928D49122000A7246 /* Build configuration list for PBXNativeTarget "GenaricRealmTest" */;
			buildPhases = (
				88B9EE5728D49122000A7246 /* Sources */,
				88B9EE5828D49122000A7246 /* Frameworks */,
				88B9EE5928D49122000A7246 /* Resources */,
			);
			buildRules = (
			);
			dependencies = (
			);
			name = GenaricRealmTest;
			packageProductDependencies = (
				88B9EE6D28D491E7000A7246 /* Realm */,
				88B9EE6F28D491E7000A7246 /* RealmSwift */,
			);
			productName = GenaricRealmTest;
			productReference = 88B9EE5B28D49122000A7246 /* GenaricRealmTest.app */;
			productType = "com.apple.product-type.application";
		};
/* End PBXNativeTarget section */

/* Begin PBXProject section */
		88B9EE5328D49121000A7246 /* Project object */ = {
			isa = PBXProject;
			attributes = {
				BuildIndependentTargetsInParallel = 1;
				LastSwiftUpdateCheck = 1400;
				LastUpgradeCheck = 1400;
				TargetAttributes = {
					88B9EE5A28D49122000A7246 = {
						CreatedOnToolsVersion = 14.0;
					};
				};
			};
			buildConfigurationList = 88B9EE5628D49121000A7246 /* Build configuration list for PBXProject "GenaricRealmTest" */;
			compatibilityVersion = "Xcode 14.0";
			developmentRegion = en;
			hasScannedForEncodings = 0;
			knownRegions = (
				en,
				Base,
			);
			mainGroup = 88B9EE5228D49121000A7246;
			packageReferences = (
				88B9EE6C28D491E7000A7246 /* XCRemoteSwiftPackageReference "realm-swift" */,
			);
			productRefGroup = 88B9EE5C28D49122000A7246 /* Products */;
			projectDirPath = "";
			projectRoot = "";
			targets = (
				88B9EE5A28D49122000A7246 /* GenaricRealmTest */,
			);
		};
/* End PBXProject section */

/* Begin PBXResourcesBuildPhase section */
		88B9EE5928D49122000A7246 /* Resources */ = {
			isa = PBXResourcesBuildPhase;
			buildActionMask = 2147483647;
			files = (
				88B9EE6628D49122000A7246 /* Preview Assets.xcassets in Resources */,
				88B9EE6328D49122000A7246 /* Assets.xcassets in Resources */,
			);
			runOnlyForDeploymentPostprocessing = 0;
		};
/* End PBXResourcesBuildPhase section */

/* Begin PBXSourcesBuildPhase section */
		88B9EE5728D49122000A7246 /* Sources */ = {
			isa = PBXSourcesBuildPhase;
			buildActionMask = 2147483647;
			files = (
				88B9EE7328D49C3D000A7246 /* BaseModel.swift in Sources */,
				88B9EE7628D4A547000A7246 /* LocalRealmManager.swift in Sources */,
				88B9EE6128D49122000A7246 /* ContentView.swift in Sources */,
				88B9EE5F28D49122000A7246 /* GenaricRealmTestApp.swift in Sources */,
			);
			runOnlyForDeploymentPostprocessing = 0;
		};
/* End PBXSourcesBuildPhase section */

/* Begin XCBuildConfiguration section */
		88B9EE6728D49122000A7246 /* Debug */ = {
			isa = XCBuildConfiguration;
			buildSettings = {
				ALWAYS_SEARCH_USER_PATHS = NO;
				CLANG_ANALYZER_NONNULL = YES;
				CLANG_ANALYZER_NUMBER_OBJECT_CONVERSION = YES_AGGRESSIVE;
				CLANG_CXX_LANGUAGE_STANDARD = "gnu++17";
				CLANG_ENABLE_MODULES = YES;
				CLANG_ENABLE_OBJC_ARC = YES;
				CLANG_ENABLE_OBJC_WEAK = YES;
				CLANG_WARN_BLOCK_CAPTURE_AUTORELEASING = YES;
				CLANG_WARN_BOOL_CONVERSION = YES;
				CLANG_WARN_COMMA = YES;
				CLANG_WARN_CONSTANT_CONVERSION = YES;
				CLANG_WARN_DEPRECATED_OBJC_IMPLEMENTATIONS = YES;
				CLANG_WARN_DIRECT_OBJC_ISA_USAGE = YES_ERROR;
				CLANG_WARN_DOCUMENTATION_COMMENTS = YES;
				CLANG_WARN_EMPTY_BODY = YES;
				CLANG_WARN_ENUM_CONVERSION = YES;
				CLANG_WARN_INFINITE_RECURSION = YES;
				CLANG_WARN_INT_CONVERSION = YES;
				CLANG_WARN_NON_LITERAL_NULL_CONVERSION = YES;
				CLANG_WARN_OBJC_IMPLICIT_RETAIN_SELF = YES;
				CLANG_WARN_OBJC_LITERAL_CONVERSION = YES;
				CLANG_WARN_OBJC_ROOT_CLASS = YES_ERROR;
				CLANG_WARN_QUOTED_INCLUDE_IN_FRAMEWORK_HEADER = YES;
				CLANG_WARN_RANGE_LOOP_ANALYSIS = YES;
				CLANG_WARN_STRICT_PROTOTYPES = YES;
				CLANG_WARN_SUSPICIOUS_MOVE = YES;
				CLANG_WARN_UNGUARDED_AVAILABILITY = YES_AGGRESSIVE;
				CLANG_WARN_UNREACHABLE_CODE = YES;
				CLANG_WARN__DUPLICATE_METHOD_MATCH = YES;
				COPY_PHASE_STRIP = NO;
				DEBUG_INFORMATION_FORMAT = dwarf;
				ENABLE_STRICT_OBJC_MSGSEND = YES;
				ENABLE_TESTABILITY = YES;
				GCC_C_LANGUAGE_STANDARD = gnu11;
				GCC_DYNAMIC_NO_PIC = NO;
				GCC_NO_COMMON_BLOCKS = YES;
				GCC_OPTIMIZATION_LEVEL = 0;
				GCC_PREPROCESSOR_DEFINITIONS = (
					"DEBUG=1",
					"$(inherited)",
				);
				GCC_WARN_64_TO_32_BIT_CONVERSION = YES;
				GCC_WARN_ABOUT_RETURN_TYPE = YES_ERROR;
				GCC_WARN_UNDECLARED_SELECTOR = YES;
				GCC_WARN_UNINITIALIZED_AUTOS = YES_AGGRESSIVE;
				GCC_WARN_UNUSED_FUNCTION = YES;
				GCC_WARN_UNUSED_VARIABLE = YES;
				IPHONEOS_DEPLOYMENT_TARGET = 16.0;
				MTL_ENABLE_DEBUG_INFO = INCLUDE_SOURCE;
				MTL_FAST_MATH = YES;
				ONLY_ACTIVE_ARCH = YES;
				SDKROOT = iphoneos;
				SWIFT_ACTIVE_COMPILATION_CONDITIONS = DEBUG;
				SWIFT_OPTIMIZATION_LEVEL = "-Onone";
			};
			name = Debug;
		};
		88B9EE6828D49122000A7246 /* Release */ = {
			isa = XCBuildConfiguration;
			buildSettings = {
				ALWAYS_SEARCH_USER_PATHS = NO;
				CLANG_ANALYZER_NONNULL = YES;
				CLANG_ANALYZER_NUMBER_OBJECT_CONVERSION = YES_AGGRESSIVE;
				CLANG_CXX_LANGUAGE_STANDARD = "gnu++17";
				CLANG_ENABLE_MODULES = YES;
				CLANG_ENABLE_OBJC_ARC = YES;
				CLANG_ENABLE_OBJC_WEAK = YES;
				CLANG_WARN_BLOCK_CAPTURE_AUTORELEASING = YES;
				CLANG_WARN_BOOL_CONVERSION = YES;
				CLANG_WARN_COMMA = YES;
				CLANG_WARN_CONSTANT_CONVERSION = YES;
				CLANG_WARN_DEPRECATED_OBJC_IMPLEMENTATIONS = YES;
				CLANG_WARN_DIRECT_OBJC_ISA_USAGE = YES_ERROR;
				CLANG_WARN_DOCUMENTATION_COMMENTS = YES;
				CLANG_WARN_EMPTY_BODY = YES;
				CLANG_WARN_ENUM_CONVERSION = YES;
				CLANG_WARN_INFINITE_RECURSION = YES;
				CLANG_WARN_INT_CONVERSION = YES;
				CLANG_WARN_NON_LITERAL_NULL_CONVERSION = YES;
				CLANG_WARN_OBJC_IMPLICIT_RETAIN_SELF = YES;
				CLANG_WARN_OBJC_LITERAL_CONVERSION = YES;
				CLANG_WARN_OBJC_ROOT_CLASS = YES_ERROR;
				CLANG_WARN_QUOTED_INCLUDE_IN_FRAMEWORK_HEADER = YES;
				CLANG_WARN_RANGE_LOOP_ANALYSIS = YES;
				CLANG_WARN_STRICT_PROTOTYPES = YES;
				CLANG_WARN_SUSPICIOUS_MOVE = YES;
				CLANG_WARN_UNGUARDED_AVAILABILITY = YES_AGGRESSIVE;
				CLANG_WARN_UNREACHABLE_CODE = YES;
				CLANG_WARN__DUPLICATE_METHOD_MATCH = YES;
				COPY_PHASE_STRIP = NO;
				DEBUG_INFORMATION_FORMAT = "dwarf-with-dsym";
				ENABLE_NS_ASSERTIONS = NO;
				ENABLE_STRICT_OBJC_MSGSEND = YES;
				GCC_C_LANGUAGE_STANDARD = gnu11;
				GCC_NO_COMMON_BLOCKS = YES;
				GCC_WARN_64_TO_32_BIT_CONVERSION = YES;
				GCC_WARN_ABOUT_RETURN_TYPE = YES_ERROR;
				GCC_WARN_UNDECLARED_SELECTOR = YES;
				GCC_WARN_UNINITIALIZED_AUTOS = YES_AGGRESSIVE;
				GCC_WARN_UNUSED_FUNCTION = YES;
				GCC_WARN_UNUSED_VARIABLE = YES;
				IPHONEOS_DEPLOYMENT_TARGET = 16.0;
				MTL_ENABLE_DEBUG_INFO = NO;
				MTL_FAST_MATH = YES;
				SDKROOT = iphoneos;
				SWIFT_COMPILATION_MODE = wholemodule;
				SWIFT_OPTIMIZATION_LEVEL = "-O";
				VALIDATE_PRODUCT = YES;
			};
			name = Release;
		};
		88B9EE6A28D49122000A7246 /* Debug */ = {
			isa = XCBuildConfiguration;
			buildSettings = {
				ASSETCATALOG_COMPILER_APPICON_NAME = AppIcon;
				ASSETCATALOG_COMPILER_GLOBAL_ACCENT_COLOR_NAME = AccentColor;
				CODE_SIGN_STYLE = Automatic;
				CURRENT_PROJECT_VERSION = 1;
				DEVELOPMENT_ASSET_PATHS = "\"GenaricRealmTest/Preview Content\"";
				DEVELOPMENT_TEAM = 9F6398P4YJ;
				ENABLE_PREVIEWS = YES;
				GENERATE_INFOPLIST_FILE = YES;
				INFOPLIST_KEY_UIApplicationSceneManifest_Generation = YES;
				INFOPLIST_KEY_UIApplicationSupportsIndirectInputEvents = YES;
				INFOPLIST_KEY_UILaunchScreen_Generation = YES;
				INFOPLIST_KEY_UISupportedInterfaceOrientations_iPad = "UIInterfaceOrientationPortrait UIInterfaceOrientationPortraitUpsideDown UIInterfaceOrientationLandscapeLeft UIInterfaceOrientationLandscapeRight";
				INFOPLIST_KEY_UISupportedInterfaceOrientations_iPhone = "UIInterfaceOrientationPortrait UIInterfaceOrientationLandscapeLeft UIInterfaceOrientationLandscapeRight";
				LD_RUNPATH_SEARCH_PATHS = (
					"$(inherited)",
					"@executable_path/Frameworks",
				);
				MARKETING_VERSION = 1.0;
				PRODUCT_BUNDLE_IDENTIFIER = com.ethankisiel.GenaricRealmTest;
				PRODUCT_NAME = "$(TARGET_NAME)";
				SWIFT_EMIT_LOC_STRINGS = YES;
				SWIFT_VERSION = 5.0;
				TARGETED_DEVICE_FAMILY = "1,2";
			};
			name = Debug;
		};
		88B9EE6B28D49122000A7246 /* Release */ = {
			isa = XCBuildConfiguration;
			buildSettings = {
				ASSETCATALOG_COMPILER_APPICON_NAME = AppIcon;
				ASSETCATALOG_COMPILER_GLOBAL_ACCENT_COLOR_NAME = AccentColor;
				CODE_SIGN_STYLE = Automatic;
				CURRENT_PROJECT_VERSION = 1;
				DEVELOPMENT_ASSET_PATHS = "\"GenaricRealmTest/Preview Content\"";
				DEVELOPMENT_TEAM = 9F6398P4YJ;
				ENABLE_PREVIEWS = YES;
				GENERATE_INFOPLIST_FILE = YES;
				INFOPLIST_KEY_UIApplicationSceneManifest_Generation = YES;
				INFOPLIST_KEY_UIApplicationSupportsIndirectInputEvents = YES;
				INFOPLIST_KEY_UILaunchScreen_Generation = YES;
				INFOPLIST_KEY_UISupportedInterfaceOrientations_iPad = "UIInterfaceOrientationPortrait UIInterfaceOrientationPortraitUpsideDown UIInterfaceOrientationLandscapeLeft UIInterfaceOrientationLandscapeRight";
				INFOPLIST_KEY_UISupportedInterfaceOrientations_iPhone = "UIInterfaceOrientationPortrait UIInterfaceOrientationLandscapeLeft UIInterfaceOrientationLandscapeRight";
				LD_RUNPATH_SEARCH_PATHS = (
					"$(inherited)",
					"@executable_path/Frameworks",
				);
				MARKETING_VERSION = 1.0;
				PRODUCT_BUNDLE_IDENTIFIER = com.ethankisiel.GenaricRealmTest;
				PRODUCT_NAME = "$(TARGET_NAME)";
				SWIFT_EMIT_LOC_STRINGS = YES;
				SWIFT_VERSION = 5.0;
				TARGETED_DEVICE_FAMILY = "1,2";
			};
			name = Release;
		};
/* End XCBuildConfiguration section */

/* Begin XCConfigurationList section */
		88B9EE5628D49121000A7246 /* Build configuration list for PBXProject "GenaricRealmTest" */ = {
			isa = XCConfigurationList;
			buildConfigurations = (
				88B9EE6728D49122000A7246 /* Debug */,
				88B9EE6828D49122000A7246 /* Release */,
			);
			defaultConfigurationIsVisible = 0;
			defaultConfigurationName = Release;
		};
		88B9EE6928D49122000A7246 /* Build configuration list for PBXNativeTarget "GenaricRealmTest" */ = {
			isa = XCConfigurationList;
			buildConfigurations = (
				88B9EE6A28D49122000A7246 /* Debug */,
				88B9EE6B28D49122000A7246 /* Release */,
			);
			defaultConfigurationIsVisible = 0;
			defaultConfigurationName = Release;
		};
/* End XCConfigurationList section */

/* Begin XCRemoteSwiftPackageReference section */
		88B9EE6C28D491E7000A7246 /* XCRemoteSwiftPackageReference "realm-swift" */ = {
			isa = XCRemoteSwiftPackageReference;
			repositoryURL = "https://github.com/realm/realm-swift.git";
			requirement = {
				branch = master;
				kind = branch;
			};
		};
/* End XCRemoteSwiftPackageReference section */

/* Begin XCSwiftPackageProductDependency section */
		88B9EE6D28D491E7000A7246 /* Realm */ = {
			isa = XCSwiftPackageProductDependency;
			package = 88B9EE6C28D491E7000A7246 /* XCRemoteSwiftPackageReference "realm-swift" */;
			productName = Realm;
		};
		88B9EE6F28D491E7000A7246 /* RealmSwift */ = {
			isa = XCSwiftPackageProductDependency;
			package = 88B9EE6C28D491E7000A7246 /* XCRemoteSwiftPackageReference "realm-swift" */;
			productName = RealmSwift;
		};
/* End XCSwiftPackageProductDependency section */
	};
	rootObject = 88B9EE5328D49121000A7246 /* Project object */;
}
